{
  "requires": true,
  "lockfileVersion": 1,
  "dependencies": {
    "node-fetch": {
      "version": "2.2.1",
      "resolved": "https://registry.npmjs.org/node-fetch/-/node-fetch-2.2.1.tgz",
      "integrity": "sha512-ObXBpNCD3A/vYQiQtEWl7DuqjAXjfptYFuGHLdPl5U19/6kJuZV+8uMHLrkj3wJrJoyfg4nhgyFixZdaZoAiEQ=="
    }
  }
}
