{
  "requires": true,
  "lockfileVersion": 1,
  "dependencies": {
    "flags": {
      "version": "0.1.3",
      "resolved": "https://registry.npmjs.org/flags/-/flags-0.1.3.tgz",
      "integrity": "sha1-lh0vyM3zZp1jBB4w5bJK2tNvV1g="
    },
    "node-fetch": {
      "version": "2.2.1",
      "resolved": "https://registry.npmjs.org/node-fetch/-/node-fetch-2.2.1.tgz",
      "integrity": "sha512-ObXBpNCD3A/vYQiQtEWl7DuqjAXjfptYFuGHLdPl5U19/6kJuZV+8uMHLrkj3wJrJoyfg4nhgyFixZdaZoAiEQ=="
    }
  }
}
